
Microsoft Visual Studio Solution File, Format Version 12.00
# Visual Studio Version 17
VisualStudioVersion = 17.7.34221.43
MinimumVisualStudioVersion = 10.0.40219.1
Project("{9A19103F-16F7-4668-BE54-9A1E7A4F7556}") = "CalcLib", "CalcLib\CalcLib.csproj", "{B366C2F2-7682-40AF-BEA8-496FE0A1D6D7}"
EndProject
Project("{9A19103F-16F7-4668-BE54-9A1E7A4F7556}") = "SpecFlowProject", "SpecFlowProject\SpecFlowProject.csproj", "{AB6A417A-336B-4F2B-8E3A-91D71F6943C1}"
EndProject
Global
	GlobalSection(SolutionConfigurationPlatforms) = preSolution
		Debug|Any CPU = Debug|Any CPU
		Release|Any CPU = Release|Any CPU
	EndGlobalSection
	GlobalSection(ProjectConfigurationPlatforms) = postSolution
		{B366C2F2-7682-40AF-BEA8-496FE0A1D6D7}.Debug|Any CPU.ActiveCfg = Debug|Any CPU
		{B366C2F2-7682-40AF-BEA8-496FE0A1D6D7}.Debug|Any CPU.Build.0 = Debug|Any CPU
		{B366C2F2-7682-40AF-BEA8-496FE0A1D6D7}.Release|Any CPU.ActiveCfg = Release|Any CPU
		{B366C2F2-7682-40AF-BEA8-496FE0A1D6D7}.Release|Any CPU.Build.0 = Release|Any CPU
		{AB6A417A-336B-4F2B-8E3A-91D71F6943C1}.Debug|Any CPU.ActiveCfg = Debug|Any CPU
		{AB6A417A-336B-4F2B-8E3A-91D71F6943C1}.Debug|Any CPU.Build.0 = Debug|Any CPU
		{AB6A417A-336B-4F2B-8E3A-91D71F6943C1}.Release|Any CPU.ActiveCfg = Release|Any CPU
		{AB6A417A-336B-4F2B-8E3A-91D71F6943C1}.Release|Any CPU.Build.0 = Release|Any CPU
	EndGlobalSection
	GlobalSection(SolutionProperties) = preSolution
		HideSolutionNode = FALSE
	EndGlobalSection
	GlobalSection(ExtensibilityGlobals) = postSolution
		SolutionGuid = {DE007027-A418-4896-BF38-98709FEF9F98}
	EndGlobalSection
EndGlobal
